
Microsoft Visual Studio Solution File, Format Version 12.00
# Visual Studio Version 17
VisualStudioVersion = 17.7.34221.43
MinimumVisualStudioVersion = 10.0.40219.1
Project("{888888A0-9F3D-457C-B088-3A5042F75D52}") = "PR14", "PR14.pyproj", "{31A63A88-63A4-497A-A402-D1DF1C1BD5D3}"
EndProject
Global
	GlobalSection(SolutionConfigurationPlatforms) = preSolution
		Debug|Any CPU = Debug|Any CPU
		Release|Any CPU = Release|Any CPU
	EndGlobalSection
	GlobalSection(ProjectConfigurationPlatforms) = postSolution
		{31A63A88-63A4-497A-A402-D1DF1C1BD5D3}.Debug|Any CPU.ActiveCfg = Debug|Any CPU
		{31A63A88-63A4-497A-A402-D1DF1C1BD5D3}.Release|Any CPU.ActiveCfg = Release|Any CPU
	EndGlobalSection
	GlobalSection(SolutionProperties) = preSolution
		HideSolutionNode = FALSE
	EndGlobalSection
	GlobalSection(ExtensibilityGlobals) = postSolution
		SolutionGuid = {7C798313-DD85-4216-BC40-80AB8F03E471}
	EndGlobalSection
EndGlobal
